// !$*UTF8*$!
{
	archiveVersion = 1;
	classes = {};
	objectVersion = 56;
	objects = {
		000000000000000000000064 = {isa = PBXBuildFile; fileRef = 0000000000000000000000C8; };
		0000000000000000000000C8 = {isa = PBXFileReference; lastKnownFileType = sourcecode.swift; path = CalendarView.swift; sourceTree = "<group>"; };
		000000000000000000000065 = {isa = PBXBuildFile; fileRef = 0000000000000000000000C9; };
		0000000000000000000000C9 = {isa = PBXFileReference; lastKnownFileType = sourcecode.swift; path = ContentView.swift; sourceTree = "<group>"; };
		000000000000000000000066 = {isa = PBXBuildFile; fileRef = 0000000000000000000000CA; };
		0000000000000000000000CA = {isa = PBXFileReference; lastKnownFileType = sourcecode.swift; path = NoteEditor.swift; sourceTree = "<group>"; };
		000000000000000000000067 = {isa = PBXBuildFile; fileRef = 0000000000000000000000CB; };
		0000000000000000000000CB = {isa = PBXFileReference; lastKnownFileType = sourcecode.swift; path = Notifications.swift; sourceTree = "<group>"; };
		000000000000000000000068 = {isa = PBXBuildFile; fileRef = 0000000000000000000000CC; };
		0000000000000000000000CC = {isa = PBXFileReference; lastKnownFileType = sourcecode.swift; path = Session.swift; sourceTree = "<group>"; };
		000000000000000000000069 = {isa = PBXBuildFile; fileRef = 0000000000000000000000CD; };
		0000000000000000000000CD = {isa = PBXFileReference; lastKnownFileType = sourcecode.swift; path = SessionTiming.swift; sourceTree = "<group>"; };
		00000000000000000000006A = {isa = PBXBuildFile; fileRef = 0000000000000000000000CE; };
		0000000000000000000000CE = {isa = PBXFileReference; lastKnownFileType = sourcecode.swift; path = TwentyApp.swift; sourceTree = "<group>"; };
		00000000000000000000012C = {isa = PBXFileReference; explicitFileType = wrapper.application; path = Twenty.app; sourceTree = BUILT_PRODUCTS_DIR; };
		00000000000000000000012D = {isa = PBXFileReference; lastKnownFileType = text.plist.entitlements; path = Twenty.entitlements; sourceTree = "<group>"; };
		000000000000000000000001 = {isa = PBXProject; attributes = {BuildIndependentTargetsInParallel = YES; LastUpgradeCheck = 1600; TargetAttributes = {000000000000000000000002 = {CreatedOnToolsVersion = 16.0; }; }; }; buildConfigurationList = 00000000000000000000000A; compatibilityVersion = "Xcode 14.0"; developmentRegion = en; hasScannedForEncodings = 0; knownRegions = (en, Base); mainGroup = 000000000000000000000003; productRefGroup = 000000000000000000000005; projectDirPath = ""; projectRoot = ""; targets = (000000000000000000000002); };
		000000000000000000000002 = {isa = PBXNativeTarget; buildConfigurationList = 00000000000000000000000B; buildPhases = (000000000000000000000006, 000000000000000000000007, 000000000000000000000008); buildRules = (); dependencies = (); name = Twenty; productName = Twenty; productReference = 00000000000000000000012C; productType = "com.apple.product-type.application"; };
		000000000000000000000003 = {isa = PBXGroup; children = (000000000000000000000004, 000000000000000000000005); sourceTree = "<group>"; };
		000000000000000000000004 = {isa = PBXGroup; children = (0000000000000000000000C8, 0000000000000000000000C9, 0000000000000000000000CA, 0000000000000000000000CB, 0000000000000000000000CC, 0000000000000000000000CD, 0000000000000000000000CE, 00000000000000000000012D); path = Twenty; sourceTree = "<group>"; };
		000000000000000000000005 = {isa = PBXGroup; children = (00000000000000000000012C); name = Products; sourceTree = "<group>"; };
		000000000000000000000006 = {isa = PBXSourcesBuildPhase; buildActionMask = 2147483647; files = (000000000000000000000064, 000000000000000000000065, 000000000000000000000066, 000000000000000000000067, 000000000000000000000068, 000000000000000000000069, 00000000000000000000006A); runOnlyForDeploymentPostprocessing = 0; };
		000000000000000000000007 = {isa = PBXFrameworksBuildPhase; buildActionMask = 2147483647; files = (); runOnlyForDeploymentPostprocessing = 0; };
		000000000000000000000008 = {isa = PBXResourcesBuildPhase; buildActionMask = 2147483647; files = (); runOnlyForDeploymentPostprocessing = 0; };
		00000000000000000000000A = {isa = XCConfigurationList; buildConfigurations = (00000000000000000000000C, 00000000000000000000000D); defaultConfigurationIsVisible = 0; defaultConfigurationName = Release; };
		00000000000000000000000B = {isa = XCConfigurationList; buildConfigurations = (00000000000000000000000E, 00000000000000000000000F); defaultConfigurationIsVisible = 0; defaultConfigurationName = Release; };
		00000000000000000000000C = {isa = XCBuildConfiguration; buildSettings = {CLANG_ENABLE_MODULES = YES; CLANG_ENABLE_OBJC_ARC = YES; MACOSX_DEPLOYMENT_TARGET = 14.0; SDKROOT = macosx; SWIFT_VERSION = 5.0; SWIFT_OPTIMIZATION_LEVEL = "-Onone"; SWIFT_ACTIVE_COMPILATION_CONDITIONS = DEBUG; DEBUG_INFORMATION_FORMAT = dwarf; ENABLE_TESTABILITY = YES;}; name = Debug; };
		00000000000000000000000D = {isa = XCBuildConfiguration; buildSettings = {CLANG_ENABLE_MODULES = YES; CLANG_ENABLE_OBJC_ARC = YES; MACOSX_DEPLOYMENT_TARGET = 14.0; SDKROOT = macosx; SWIFT_VERSION = 5.0; SWIFT_COMPILATION_MODE = wholemodule; SWIFT_OPTIMIZATION_LEVEL = "-O"; DEBUG_INFORMATION_FORMAT = "dwarf-with-dsym";}; name = Release; };
		00000000000000000000000E = {isa = XCBuildConfiguration; buildSettings = {CODE_SIGN_ENTITLEMENTS = Twenty/Twenty.entitlements; CODE_SIGN_IDENTITY = "-"; CODE_SIGN_STYLE = Manual; COMBINE_HIDPI_IMAGES = YES; CURRENT_PROJECT_VERSION = 1; ENABLE_APP_SANDBOX = YES; GENERATE_INFOPLIST_FILE = YES; INFOPLIST_KEY_CFBundleDisplayName = Twenty; INFOPLIST_KEY_LSApplicationCategoryType = "public.app-category.productivity"; LD_RUNPATH_SEARCH_PATHS = "$(inherited) @executable_path/../Frameworks"; MARKETING_VERSION = 1.0; PRODUCT_BUNDLE_IDENTIFIER = com.twenty.local; PRODUCT_NAME = "$(TARGET_NAME)"; SUPPORTED_PLATFORMS = macosx;}; name = Debug; };
		00000000000000000000000F = {isa = XCBuildConfiguration; buildSettings = {CODE_SIGN_ENTITLEMENTS = Twenty/Twenty.entitlements; CODE_SIGN_IDENTITY = "-"; CODE_SIGN_STYLE = Manual; COMBINE_HIDPI_IMAGES = YES; CURRENT_PROJECT_VERSION = 1; ENABLE_APP_SANDBOX = YES; GENERATE_INFOPLIST_FILE = YES; INFOPLIST_KEY_CFBundleDisplayName = Twenty; INFOPLIST_KEY_LSApplicationCategoryType = "public.app-category.productivity"; LD_RUNPATH_SEARCH_PATHS = "$(inherited) @executable_path/../Frameworks"; MARKETING_VERSION = 1.0; PRODUCT_BUNDLE_IDENTIFIER = com.twenty.local; PRODUCT_NAME = "$(TARGET_NAME)"; SUPPORTED_PLATFORMS = macosx;}; name = Release; };
	};
	rootObject = 000000000000000000000001;
}
